
Microsoft Visual Studio Solution File, Format Version 12.00
# Visual Studio 15
VisualStudioVersion = 15.0.28010.2046
MinimumVisualStudioVersion = 10.0.40219.1
Project("{FAE04EC0-301F-11D3-BF4B-00C04F79EFBC}") = "PruebaTime.Android", "PruebaTime\PruebaTime.Android\PruebaTime.Android.csproj", "{9062E897-E897-487A-9A84-9DDA78030930}"
EndProject
Project("{FAE04EC0-301F-11D3-BF4B-00C04F79EFBC}") = "PruebaTime", "PruebaTime\PruebaTime\PruebaTime.csproj", "{86B156E6-7D8B-4A18-86A5-52E8E45BEBB0}"
EndProject
Global
	GlobalSection(SolutionConfigurationPlatforms) = preSolution
		Debug|Any CPU = Debug|Any CPU
		Release|Any CPU = Release|Any CPU
	EndGlobalSection
	GlobalSection(ProjectConfigurationPlatforms) = postSolution
		{9062E897-E897-487A-9A84-9DDA78030930}.Debug|Any CPU.ActiveCfg = Debug|Any CPU
		{9062E897-E897-487A-9A84-9DDA78030930}.Debug|Any CPU.Build.0 = Debug|Any CPU
		{9062E897-E897-487A-9A84-9DDA78030930}.Debug|Any CPU.Deploy.0 = Debug|Any CPU
		{9062E897-E897-487A-9A84-9DDA78030930}.Release|Any CPU.ActiveCfg = Release|Any CPU
		{9062E897-E897-487A-9A84-9DDA78030930}.Release|Any CPU.Build.0 = Release|Any CPU
		{9062E897-E897-487A-9A84-9DDA78030930}.Release|Any CPU.Deploy.0 = Release|Any CPU
		{86B156E6-7D8B-4A18-86A5-52E8E45BEBB0}.Debug|Any CPU.ActiveCfg = Debug|Any CPU
		{86B156E6-7D8B-4A18-86A5-52E8E45BEBB0}.Debug|Any CPU.Build.0 = Debug|Any CPU
		{86B156E6-7D8B-4A18-86A5-52E8E45BEBB0}.Debug|Any CPU.Deploy.0 = Debug|Any CPU
		{86B156E6-7D8B-4A18-86A5-52E8E45BEBB0}.Release|Any CPU.ActiveCfg = Release|Any CPU
		{86B156E6-7D8B-4A18-86A5-52E8E45BEBB0}.Release|Any CPU.Build.0 = Release|Any CPU
		{86B156E6-7D8B-4A18-86A5-52E8E45BEBB0}.Release|Any CPU.Deploy.0 = Release|Any CPU
	EndGlobalSection
	GlobalSection(SolutionProperties) = preSolution
		HideSolutionNode = FALSE
	EndGlobalSection
	GlobalSection(ExtensibilityGlobals) = postSolution
		SolutionGuid = {596ADDFB-7563-4087-BA2A-DC6020AA9CE0}
	EndGlobalSection
EndGlobal
